
Microsoft Visual Studio Solution File, Format Version 12.00
# Visual Studio Version 17
VisualStudioVersion = 17.5.002.0
MinimumVisualStudioVersion = 10.0.40219.1
Project("{2150E333-8FDC-42A3-9474-1A3956D46DE8}") = "csharp-prep", "csharp-prep", "{19B98F2C-FA57-44CB-AC23-5847BA9ACCD9}"
EndProject
Project("{9A19103F-16F7-4668-BE54-9A1E7A4F7556}") = "Prep1", "csharp-prep\Prep1\Prep1.csproj", "{A257C5AC-41DE-4053-B362-BDC8105D5A7E}"
EndProject
Project("{9A19103F-16F7-4668-BE54-9A1E7A4F7556}") = "Prep2", "csharp-prep\Prep2\Prep2.csproj", "{0116AFC7-C64D-443C-A22D-E6ACE3371595}"
EndProject
Project("{9A19103F-16F7-4668-BE54-9A1E7A4F7556}") = "Prep3", "csharp-prep\Prep3\Prep3.csproj", "{764C6027-5B69-4FB5-ACD5-72CC9D9FC6A4}"
EndProject
Project("{9A19103F-16F7-4668-BE54-9A1E7A4F7556}") = "Prep4", "csharp-prep\Prep4\Prep4.csproj", "{B5C4E9E3-06A9-43D1-B980-F64AC03F8900}"
EndProject
Project("{9A19103F-16F7-4668-BE54-9A1E7A4F7556}") = "Prep5", "csharp-prep\Prep5\Prep5.csproj", "{C9173982-8FFD-4DF4-B7C7-44F4C6108494}"
EndProject
Project("{2150E333-8FDC-42A3-9474-1A3956D46DE8}") = "final", "final", "{5715F33E-CE6F-46B8-AE89-5B800CF7065B}"
EndProject
Project("{9A19103F-16F7-4668-BE54-9A1E7A4F7556}") = "FinalProject", "final\FinalProject\FinalProject.csproj", "{0734FDB0-368D-4C8F-AA2E-E707F35E964E}"
EndProject
Project("{9A19103F-16F7-4668-BE54-9A1E7A4F7556}") = "Foundation1", "final\Foundation1\Foundation1.csproj", "{8874D8D2-DD15-4725-8C1D-930278EBAA01}"
EndProject
Project("{9A19103F-16F7-4668-BE54-9A1E7A4F7556}") = "Foundation2", "final\Foundation2\Foundation2.csproj", "{6E82DCF0-C26A-4C7C-A96A-D6DFF576BDA4}"
EndProject
Project("{9A19103F-16F7-4668-BE54-9A1E7A4F7556}") = "Foundation3", "final\Foundation3\Foundation3.csproj", "{299DC85A-F80A-4686-B6D6-3C9839DE06D9}"
EndProject
Project("{9A19103F-16F7-4668-BE54-9A1E7A4F7556}") = "Foundation4", "final\Foundation4\Foundation4.csproj", "{3C2C8851-9D39-47EA-8251-422E348BD9C3}"
EndProject
Project("{2150E333-8FDC-42A3-9474-1A3956D46DE8}") = "prepare", "prepare", "{BD2EB08B-4BAE-4D02-8F99-E4DE76F35AC8}"
EndProject
Project("{9A19103F-16F7-4668-BE54-9A1E7A4F7556}") = "Learning02", "prepare\Learning02\Learning02.csproj", "{45915FC5-9FA4-4B19-A4C9-28CDBCD8A2EC}"
EndProject
Project("{9A19103F-16F7-4668-BE54-9A1E7A4F7556}") = "Learning03", "prepare\Learning03\Learning03.csproj", "{0CE1D0A0-6305-408E-9843-480FC48D526D}"
EndProject
Project("{9A19103F-16F7-4668-BE54-9A1E7A4F7556}") = "Learning04", "prepare\Learning04\Learning04.csproj", "{6F0C376F-91E1-40D1-8F76-94D315FCFEC9}"
EndProject
Project("{9A19103F-16F7-4668-BE54-9A1E7A4F7556}") = "Learning05", "prepare\Learning05\Learning05.csproj", "{73CB7D2B-D4C9-43C6-96A3-37E7C20E66DD}"
EndProject
Project("{2150E333-8FDC-42A3-9474-1A3956D46DE8}") = "prove", "prove", "{A701D750-65C4-4EA9-8DCC-5F98C673D6A3}"
EndProject
Project("{9A19103F-16F7-4668-BE54-9A1E7A4F7556}") = "Develop02", "prove\Develop02\Develop02.csproj", "{7E238F23-E3EB-4AF7-A524-AE7A0F22DB13}"
EndProject
Project("{9A19103F-16F7-4668-BE54-9A1E7A4F7556}") = "Develop03", "prove\Develop03\Develop03.csproj", "{DC9F97AD-419F-4EBC-9D22-E5E17354F58E}"
EndProject
Project("{9A19103F-16F7-4668-BE54-9A1E7A4F7556}") = "Develop04", "prove\Develop04\Develop04.csproj", "{3972CCFB-02FF-4CC7-9ED7-8A7F5321F1DC}"
EndProject
Project("{9A19103F-16F7-4668-BE54-9A1E7A4F7556}") = "Develop05", "prove\Develop05\Develop05.csproj", "{4FB467B0-892B-40D4-8141-99F3F594CB1B}"
EndProject
Project("{2150E333-8FDC-42A3-9474-1A3956D46DE8}") = "sandbox", "sandbox", "{F4F3192E-9527-4DD8-9CA3-3CACBEE3FAC6}"
EndProject
Project("{9A19103F-16F7-4668-BE54-9A1E7A4F7556}") = "Sandbox", "sandbox\Sandbox\Sandbox.csproj", "{25D0716B-F750-494E-9A84-99082F07F886}"
EndProject
Global
	GlobalSection(SolutionConfigurationPlatforms) = preSolution
		Debug|Any CPU = Debug|Any CPU
		Release|Any CPU = Release|Any CPU
	EndGlobalSection
	GlobalSection(ProjectConfigurationPlatforms) = postSolution
		{A257C5AC-41DE-4053-B362-BDC8105D5A7E}.Debug|Any CPU.ActiveCfg = Debug|Any CPU
		{A257C5AC-41DE-4053-B362-BDC8105D5A7E}.Debug|Any CPU.Build.0 = Debug|Any CPU
		{A257C5AC-41DE-4053-B362-BDC8105D5A7E}.Release|Any CPU.ActiveCfg = Release|Any CPU
		{A257C5AC-41DE-4053-B362-BDC8105D5A7E}.Release|Any CPU.Build.0 = Release|Any CPU
		{0116AFC7-C64D-443C-A22D-E6ACE3371595}.Debug|Any CPU.ActiveCfg = Debug|Any CPU
		{0116AFC7-C64D-443C-A22D-E6ACE3371595}.Debug|Any CPU.Build.0 = Debug|Any CPU
		{0116AFC7-C64D-443C-A22D-E6ACE3371595}.Release|Any CPU.ActiveCfg = Release|Any CPU
		{0116AFC7-C64D-443C-A22D-E6ACE3371595}.Release|Any CPU.Build.0 = Release|Any CPU
		{764C6027-5B69-4FB5-ACD5-72CC9D9FC6A4}.Debug|Any CPU.ActiveCfg = Debug|Any CPU
		{764C6027-5B69-4FB5-ACD5-72CC9D9FC6A4}.Debug|Any CPU.Build.0 = Debug|Any CPU
		{764C6027-5B69-4FB5-ACD5-72CC9D9FC6A4}.Release|Any CPU.ActiveCfg = Release|Any CPU
		{764C6027-5B69-4FB5-ACD5-72CC9D9FC6A4}.Release|Any CPU.Build.0 = Release|Any CPU
		{B5C4E9E3-06A9-43D1-B980-F64AC03F8900}.Debug|Any CPU.ActiveCfg = Debug|Any CPU
		{B5C4E9E3-06A9-43D1-B980-F64AC03F8900}.Debug|Any CPU.Build.0 = Debug|Any CPU
		{B5C4E9E3-06A9-43D1-B980-F64AC03F8900}.Release|Any CPU.ActiveCfg = Release|Any CPU
		{B5C4E9E3-06A9-43D1-B980-F64AC03F8900}.Release|Any CPU.Build.0 = Release|Any CPU
		{C9173982-8FFD-4DF4-B7C7-44F4C6108494}.Debug|Any CPU.ActiveCfg = Debug|Any CPU
		{C9173982-8FFD-4DF4-B7C7-44F4C6108494}.Debug|Any CPU.Build.0 = Debug|Any CPU
		{C9173982-8FFD-4DF4-B7C7-44F4C6108494}.Release|Any CPU.ActiveCfg = Release|Any CPU
		{C9173982-8FFD-4DF4-B7C7-44F4C6108494}.Release|Any CPU.Build.0 = Release|Any CPU
		{0734FDB0-368D-4C8F-AA2E-E707F35E964E}.Debug|Any CPU.ActiveCfg = Debug|Any CPU
		{0734FDB0-368D-4C8F-AA2E-E707F35E964E}.Debug|Any CPU.Build.0 = Debug|Any CPU
		{0734FDB0-368D-4C8F-AA2E-E707F35E964E}.Release|Any CPU.ActiveCfg = Release|Any CPU
		{0734FDB0-368D-4C8F-AA2E-E707F35E964E}.Release|Any CPU.Build.0 = Release|Any CPU
		{8874D8D2-DD15-4725-8C1D-930278EBAA01}.Debug|Any CPU.ActiveCfg = Debug|Any CPU
		{8874D8D2-DD15-4725-8C1D-930278EBAA01}.Debug|Any CPU.Build.0 = Debug|Any CPU
		{8874D8D2-DD15-4725-8C1D-930278EBAA01}.Release|Any CPU.ActiveCfg = Release|Any CPU
		{8874D8D2-DD15-4725-8C1D-930278EBAA01}.Release|Any CPU.Build.0 = Release|Any CPU
		{6E82DCF0-C26A-4C7C-A96A-D6DFF576BDA4}.Debug|Any CPU.ActiveCfg = Debug|Any CPU
		{6E82DCF0-C26A-4C7C-A96A-D6DFF576BDA4}.Debug|Any CPU.Build.0 = Debug|Any CPU
		{6E82DCF0-C26A-4C7C-A96A-D6DFF576BDA4}.Release|Any CPU.ActiveCfg = Release|Any CPU
		{6E82DCF0-C26A-4C7C-A96A-D6DFF576BDA4}.Release|Any CPU.Build.0 = Release|Any CPU
		{299DC85A-F80A-4686-B6D6-3C9839DE06D9}.Debug|Any CPU.ActiveCfg = Debug|Any CPU
		{299DC85A-F80A-4686-B6D6-3C9839DE06D9}.Debug|Any CPU.Build.0 = Debug|Any CPU
		{299DC85A-F80A-4686-B6D6-3C9839DE06D9}.Release|Any CPU.ActiveCfg = Release|Any CPU
		{299DC85A-F80A-4686-B6D6-3C9839DE06D9}.Release|Any CPU.Build.0 = Release|Any CPU
		{3C2C8851-9D39-47EA-8251-422E348BD9C3}.Debug|Any CPU.ActiveCfg = Debug|Any CPU
		{3C2C8851-9D39-47EA-8251-422E348BD9C3}.Debug|Any CPU.Build.0 = Debug|Any CPU
		{3C2C8851-9D39-47EA-8251-422E348BD9C3}.Release|Any CPU.ActiveCfg = Release|Any CPU
		{3C2C8851-9D39-47EA-8251-422E348BD9C3}.Release|Any CPU.Build.0 = Release|Any CPU
		{45915FC5-9FA4-4B19-A4C9-28CDBCD8A2EC}.Debug|Any CPU.ActiveCfg = Debug|Any CPU
		{45915FC5-9FA4-4B19-A4C9-28CDBCD8A2EC}.Debug|Any CPU.Build.0 = Debug|Any CPU
		{45915FC5-9FA4-4B19-A4C9-28CDBCD8A2EC}.Release|Any CPU.ActiveCfg = Release|Any CPU
		{45915FC5-9FA4-4B19-A4C9-28CDBCD8A2EC}.Release|Any CPU.Build.0 = Release|Any CPU
		{0CE1D0A0-6305-408E-9843-480FC48D526D}.Debug|Any CPU.ActiveCfg = Debug|Any CPU
		{0CE1D0A0-6305-408E-9843-480FC48D526D}.Debug|Any CPU.Build.0 = Debug|Any CPU
		{0CE1D0A0-6305-408E-9843-480FC48D526D}.Release|Any CPU.ActiveCfg = Release|Any CPU
		{0CE1D0A0-6305-408E-9843-480FC48D526D}.Release|Any CPU.Build.0 = Release|Any CPU
		{6F0C376F-91E1-40D1-8F76-94D315FCFEC9}.Debug|Any CPU.ActiveCfg = Debug|Any CPU
		{6F0C376F-91E1-40D1-8F76-94D315FCFEC9}.Debug|Any CPU.Build.0 = Debug|Any CPU
		{6F0C376F-91E1-40D1-8F76-94D315FCFEC9}.Release|Any CPU.ActiveCfg = Release|Any CPU
		{6F0C376F-91E1-40D1-8F76-94D315FCFEC9}.Release|Any CPU.Build.0 = Release|Any CPU
		{73CB7D2B-D4C9-43C6-96A3-37E7C20E66DD}.Debug|Any CPU.ActiveCfg = Debug|Any CPU
		{73CB7D2B-D4C9-43C6-96A3-37E7C20E66DD}.Debug|Any CPU.Build.0 = Debug|Any CPU
		{73CB7D2B-D4C9-43C6-96A3-37E7C20E66DD}.Release|Any CPU.ActiveCfg = Release|Any CPU
		{73CB7D2B-D4C9-43C6-96A3-37E7C20E66DD}.Release|Any CPU.Build.0 = Release|Any CPU
		{7E238F23-E3EB-4AF7-A524-AE7A0F22DB13}.Debug|Any CPU.ActiveCfg = Debug|Any CPU
		{7E238F23-E3EB-4AF7-A524-AE7A0F22DB13}.Debug|Any CPU.Build.0 = Debug|Any CPU
		{7E238F23-E3EB-4AF7-A524-AE7A0F22DB13}.Release|Any CPU.ActiveCfg = Release|Any CPU
		{7E238F23-E3EB-4AF7-A524-AE7A0F22DB13}.Release|Any CPU.Build.0 = Release|Any CPU
		{DC9F97AD-419F-4EBC-9D22-E5E17354F58E}.Debug|Any CPU.ActiveCfg = Debug|Any CPU
		{DC9F97AD-419F-4EBC-9D22-E5E17354F58E}.Debug|Any CPU.Build.0 = Debug|Any CPU
		{DC9F97AD-419F-4EBC-9D22-E5E17354F58E}.Release|Any CPU.ActiveCfg = Release|Any CPU
		{DC9F97AD-419F-4EBC-9D22-E5E17354F58E}.Release|Any CPU.Build.0 = Release|Any CPU
		{3972CCFB-02FF-4CC7-9ED7-8A7F5321F1DC}.Debug|Any CPU.ActiveCfg = Debug|Any CPU
		{3972CCFB-02FF-4CC7-9ED7-8A7F5321F1DC}.Debug|Any CPU.Build.0 = Debug|Any CPU
		{3972CCFB-02FF-4CC7-9ED7-8A7F5321F1DC}.Release|Any CPU.ActiveCfg = Release|Any CPU
		{3972CCFB-02FF-4CC7-9ED7-8A7F5321F1DC}.Release|Any CPU.Build.0 = Release|Any CPU
		{4FB467B0-892B-40D4-8141-99F3F594CB1B}.Debug|Any CPU.ActiveCfg = Debug|Any CPU
		{4FB467B0-892B-40D4-8141-99F3F594CB1B}.Debug|Any CPU.Build.0 = Debug|Any CPU
		{4FB467B0-892B-40D4-8141-99F3F594CB1B}.Release|Any CPU.ActiveCfg = Release|Any CPU
		{4FB467B0-892B-40D4-8141-99F3F594CB1B}.Release|Any CPU.Build.0 = Release|Any CPU
		{25D0716B-F750-494E-9A84-99082F07F886}.Debug|Any CPU.ActiveCfg = Debug|Any CPU
		{25D0716B-F750-494E-9A84-99082F07F886}.Debug|Any CPU.Build.0 = Debug|Any CPU
		{25D0716B-F750-494E-9A84-99082F07F886}.Release|Any CPU.ActiveCfg = Release|Any CPU
		{25D0716B-F750-494E-9A84-99082F07F886}.Release|Any CPU.Build.0 = Release|Any CPU
	EndGlobalSection
	GlobalSection(SolutionProperties) = preSolution
		HideSolutionNode = FALSE
	EndGlobalSection
	GlobalSection(NestedProjects) = preSolution
		{A257C5AC-41DE-4053-B362-BDC8105D5A7E} = {19B98F2C-FA57-44CB-AC23-5847BA9ACCD9}
		{0116AFC7-C64D-443C-A22D-E6ACE3371595} = {19B98F2C-FA57-44CB-AC23-5847BA9ACCD9}
		{764C6027-5B69-4FB5-ACD5-72CC9D9FC6A4} = {19B98F2C-FA57-44CB-AC23-5847BA9ACCD9}
		{B5C4E9E3-06A9-43D1-B980-F64AC03F8900} = {19B98F2C-FA57-44CB-AC23-5847BA9ACCD9}
		{C9173982-8FFD-4DF4-B7C7-44F4C6108494} = {19B98F2C-FA57-44CB-AC23-5847BA9ACCD9}
		{0734FDB0-368D-4C8F-AA2E-E707F35E964E} = {5715F33E-CE6F-46B8-AE89-5B800CF7065B}
		{8874D8D2-DD15-4725-8C1D-930278EBAA01} = {5715F33E-CE6F-46B8-AE89-5B800CF7065B}
		{6E82DCF0-C26A-4C7C-A96A-D6DFF576BDA4} = {5715F33E-CE6F-46B8-AE89-5B800CF7065B}
		{299DC85A-F80A-4686-B6D6-3C9839DE06D9} = {5715F33E-CE6F-46B8-AE89-5B800CF7065B}
		{3C2C8851-9D39-47EA-8251-422E348BD9C3} = {5715F33E-CE6F-46B8-AE89-5B800CF7065B}
		{45915FC5-9FA4-4B19-A4C9-28CDBCD8A2EC} = {BD2EB08B-4BAE-4D02-8F99-E4DE76F35AC8}
		{0CE1D0A0-6305-408E-9843-480FC48D526D} = {BD2EB08B-4BAE-4D02-8F99-E4DE76F35AC8}
		{6F0C376F-91E1-40D1-8F76-94D315FCFEC9} = {BD2EB08B-4BAE-4D02-8F99-E4DE76F35AC8}
		{73CB7D2B-D4C9-43C6-96A3-37E7C20E66DD} = {BD2EB08B-4BAE-4D02-8F99-E4DE76F35AC8}
		{7E238F23-E3EB-4AF7-A524-AE7A0F22DB13} = {A701D750-65C4-4EA9-8DCC-5F98C673D6A3}
		{DC9F97AD-419F-4EBC-9D22-E5E17354F58E} = {A701D750-65C4-4EA9-8DCC-5F98C673D6A3}
		{3972CCFB-02FF-4CC7-9ED7-8A7F5321F1DC} = {A701D750-65C4-4EA9-8DCC-5F98C673D6A3}
		{4FB467B0-892B-40D4-8141-99F3F594CB1B} = {A701D750-65C4-4EA9-8DCC-5F98C673D6A3}
		{25D0716B-F750-494E-9A84-99082F07F886} = {F4F3192E-9527-4DD8-9CA3-3CACBEE3FAC6}
	EndGlobalSection
	GlobalSection(ExtensibilityGlobals) = postSolution
		SolutionGuid = {2A46F8CE-0525-4C8A-BAA1-7EC65ABEBA6F}
	EndGlobalSection
EndGlobal
